
Microsoft Visual Studio Solution File, Format Version 12.00
# Visual Studio Version 17
VisualStudioVersion = 17.14.36623.8 d17.14
MinimumVisualStudioVersion = 10.0.40219.1
Project("{FAE04EC0-301F-11D3-BF4B-00C04F79EFBC}") = "MauiApp01", "MauiApp01\MauiApp01.csproj", "{BF31351F-A38A-4B50-87B0-C08697CE7C7D}"
EndProject
Global
	GlobalSection(SolutionConfigurationPlatforms) = preSolution
		Debug|Any CPU = Debug|Any CPU
		Release|Any CPU = Release|Any CPU
	EndGlobalSection
	GlobalSection(ProjectConfigurationPlatforms) = postSolution
		{BF31351F-A38A-4B50-87B0-C08697CE7C7D}.Debug|Any CPU.ActiveCfg = Debug|Any CPU
		{BF31351F-A38A-4B50-87B0-C08697CE7C7D}.Debug|Any CPU.Build.0 = Debug|Any CPU
		{BF31351F-A38A-4B50-87B0-C08697CE7C7D}.Release|Any CPU.ActiveCfg = Release|Any CPU
		{BF31351F-A38A-4B50-87B0-C08697CE7C7D}.Release|Any CPU.Build.0 = Release|Any CPU
	EndGlobalSection
	GlobalSection(SolutionProperties) = preSolution
		HideSolutionNode = FALSE
	EndGlobalSection
	GlobalSection(ExtensibilityGlobals) = postSolution
		SolutionGuid = {E3CC4388-7BFE-4E4F-908D-78FBD446ADC4}
	EndGlobalSection
EndGlobal
